
Microsoft Visual Studio Solution File, Format Version 12.00
Project("{2150E333-8FDC-42A3-9474-1A3956D46DE8}") = "Services", "Services", "{B885F25F-C2DF-4E98-8DEA-4C065BE9D6DC}"
EndProject
Project("{2150E333-8FDC-42A3-9474-1A3956D46DE8}") = "Catalog", "Catalog", "{06E6D094-A6B1-43FB-9487-D074D78D5DD6}"
EndProject
Project("{FAE04EC0-301F-11D3-BF4B-00C04F79EFBC}") = "Services.Catalog", "Services\Catalog\Services.Catalog\Services.Catalog.csproj", "{FBC823E4-71EC-4C7D-A40C-2D54FB29441C}"
EndProject
Project("{2150E333-8FDC-42A3-9474-1A3956D46DE8}") = "Shared", "Shared", "{A209F84F-F6AB-45A9-A8A0-A522C6FA7CEC}"
EndProject
Project("{FAE04EC0-301F-11D3-BF4B-00C04F79EFBC}") = "Microservices.Shared", "Shared\Microservices.Shared\Microservices.Shared.csproj", "{A49880E9-CB2C-4D3A-BCE4-331D63BE116E}"
EndProject
Project("{2150E333-8FDC-42A3-9474-1A3956D46DE8}") = "PhotoStock", "PhotoStock", "{9EF3508B-33F8-435A-A215-30ABB791C30E}"
EndProject
Project("{FAE04EC0-301F-11D3-BF4B-00C04F79EFBC}") = "Services.PhotoStock", "Services\PhotoStock\Services.PhotoStock\Services.PhotoStock.csproj", "{37A0A2AF-4D5B-40AA-8BF5-1C3144599C73}"
EndProject
Project("{2150E333-8FDC-42A3-9474-1A3956D46DE8}") = "Basket", "Basket", "{BF809D1C-ED72-4761-AAD6-7A4685DA0C6E}"
EndProject
Project("{FAE04EC0-301F-11D3-BF4B-00C04F79EFBC}") = "Services.Basket", "Services\Basket\Services.Basket\Services.Basket.csproj", "{DAD1F1F1-AC75-406D-82E6-3B40E79C52A0}"
EndProject
Project("{2150E333-8FDC-42A3-9474-1A3956D46DE8}") = "Discount", "Discount", "{5315D5C1-A98E-41DE-8E30-C0C8D64D9946}"
EndProject
Project("{FAE04EC0-301F-11D3-BF4B-00C04F79EFBC}") = "Services.Discount", "Services\Discount\Services.Discount\Services.Discount.csproj", "{B1979651-D4F4-4DBC-966E-098E31117010}"
EndProject
Project("{2150E333-8FDC-42A3-9474-1A3956D46DE8}") = "Order", "Order", "{F1F1C2E1-8C45-44B2-900C-5C0495F6A343}"
EndProject
Project("{FAE04EC0-301F-11D3-BF4B-00C04F79EFBC}") = "Order.Infrastructure", "Services\Order\Order.Infrastructure\Order.Infrastructure.csproj", "{A625FD45-5E23-4180-8F12-321AD78BECC7}"
EndProject
Project("{FAE04EC0-301F-11D3-BF4B-00C04F79EFBC}") = "Order.Domain.Core", "Services\Order\Order.Domain.Core\Order.Domain.Core.csproj", "{0774F58E-DA8A-4393-9B2F-DD53617E0AE3}"
EndProject
Project("{FAE04EC0-301F-11D3-BF4B-00C04F79EFBC}") = "Order.Domain", "Services\Order\Order.Domain\Order.Domain.csproj", "{E8E53935-EE11-4CD3-BA64-22980A823F43}"
EndProject
Project("{FAE04EC0-301F-11D3-BF4B-00C04F79EFBC}") = "Order.Application", "Services\Order\Order.Application\Order.Application.csproj", "{F84EDE13-C2A8-4D25-92A2-6E5AFDFF8B6A}"
EndProject
Project("{FAE04EC0-301F-11D3-BF4B-00C04F79EFBC}") = "Order.API", "Services\Order\Order.API\Order.API.csproj", "{8E8858C6-F3A7-4443-BA23-BF530B2E7ED3}"
EndProject
Project("{2150E333-8FDC-42A3-9474-1A3956D46DE8}") = "FakePayment", "FakePayment", "{A9EF792E-46A6-4B0E-95AE-3F731065EBDD}"
EndProject
Project("{FAE04EC0-301F-11D3-BF4B-00C04F79EFBC}") = "Services.FakePayment", "Services\FakePayment\Services.FakePayment\Services.FakePayment.csproj", "{42A4C54D-55BF-46D5-8FC7-B6F67835DEA9}"
EndProject
Project("{FAE04EC0-301F-11D3-BF4B-00C04F79EFBC}") = "Gateway", "Gateway\Gateway.csproj", "{E35B7CFF-C118-4F23-89B2-95BA6AA59034}"
EndProject
Global
	GlobalSection(SolutionConfigurationPlatforms) = preSolution
		Debug|Any CPU = Debug|Any CPU
		Release|Any CPU = Release|Any CPU
	EndGlobalSection
	GlobalSection(NestedProjects) = preSolution
		{06E6D094-A6B1-43FB-9487-D074D78D5DD6} = {B885F25F-C2DF-4E98-8DEA-4C065BE9D6DC}
		{FBC823E4-71EC-4C7D-A40C-2D54FB29441C} = {06E6D094-A6B1-43FB-9487-D074D78D5DD6}
		{A49880E9-CB2C-4D3A-BCE4-331D63BE116E} = {A209F84F-F6AB-45A9-A8A0-A522C6FA7CEC}
		{9EF3508B-33F8-435A-A215-30ABB791C30E} = {B885F25F-C2DF-4E98-8DEA-4C065BE9D6DC}
		{37A0A2AF-4D5B-40AA-8BF5-1C3144599C73} = {9EF3508B-33F8-435A-A215-30ABB791C30E}
		{BF809D1C-ED72-4761-AAD6-7A4685DA0C6E} = {B885F25F-C2DF-4E98-8DEA-4C065BE9D6DC}
		{DAD1F1F1-AC75-406D-82E6-3B40E79C52A0} = {BF809D1C-ED72-4761-AAD6-7A4685DA0C6E}
		{5315D5C1-A98E-41DE-8E30-C0C8D64D9946} = {B885F25F-C2DF-4E98-8DEA-4C065BE9D6DC}
		{B1979651-D4F4-4DBC-966E-098E31117010} = {5315D5C1-A98E-41DE-8E30-C0C8D64D9946}
		{F1F1C2E1-8C45-44B2-900C-5C0495F6A343} = {B885F25F-C2DF-4E98-8DEA-4C065BE9D6DC}
		{A625FD45-5E23-4180-8F12-321AD78BECC7} = {F1F1C2E1-8C45-44B2-900C-5C0495F6A343}
		{0774F58E-DA8A-4393-9B2F-DD53617E0AE3} = {F1F1C2E1-8C45-44B2-900C-5C0495F6A343}
		{E8E53935-EE11-4CD3-BA64-22980A823F43} = {F1F1C2E1-8C45-44B2-900C-5C0495F6A343}
		{F84EDE13-C2A8-4D25-92A2-6E5AFDFF8B6A} = {F1F1C2E1-8C45-44B2-900C-5C0495F6A343}
		{8E8858C6-F3A7-4443-BA23-BF530B2E7ED3} = {F1F1C2E1-8C45-44B2-900C-5C0495F6A343}
		{A9EF792E-46A6-4B0E-95AE-3F731065EBDD} = {B885F25F-C2DF-4E98-8DEA-4C065BE9D6DC}
		{42A4C54D-55BF-46D5-8FC7-B6F67835DEA9} = {A9EF792E-46A6-4B0E-95AE-3F731065EBDD}
	EndGlobalSection
	GlobalSection(ProjectConfigurationPlatforms) = postSolution
		{FBC823E4-71EC-4C7D-A40C-2D54FB29441C}.Debug|Any CPU.ActiveCfg = Debug|Any CPU
		{FBC823E4-71EC-4C7D-A40C-2D54FB29441C}.Debug|Any CPU.Build.0 = Debug|Any CPU
		{FBC823E4-71EC-4C7D-A40C-2D54FB29441C}.Release|Any CPU.ActiveCfg = Release|Any CPU
		{FBC823E4-71EC-4C7D-A40C-2D54FB29441C}.Release|Any CPU.Build.0 = Release|Any CPU
		{A49880E9-CB2C-4D3A-BCE4-331D63BE116E}.Debug|Any CPU.ActiveCfg = Debug|Any CPU
		{A49880E9-CB2C-4D3A-BCE4-331D63BE116E}.Debug|Any CPU.Build.0 = Debug|Any CPU
		{A49880E9-CB2C-4D3A-BCE4-331D63BE116E}.Release|Any CPU.ActiveCfg = Release|Any CPU
		{A49880E9-CB2C-4D3A-BCE4-331D63BE116E}.Release|Any CPU.Build.0 = Release|Any CPU
		{37A0A2AF-4D5B-40AA-8BF5-1C3144599C73}.Debug|Any CPU.ActiveCfg = Debug|Any CPU
		{37A0A2AF-4D5B-40AA-8BF5-1C3144599C73}.Debug|Any CPU.Build.0 = Debug|Any CPU
		{37A0A2AF-4D5B-40AA-8BF5-1C3144599C73}.Release|Any CPU.ActiveCfg = Release|Any CPU
		{37A0A2AF-4D5B-40AA-8BF5-1C3144599C73}.Release|Any CPU.Build.0 = Release|Any CPU
		{DAD1F1F1-AC75-406D-82E6-3B40E79C52A0}.Debug|Any CPU.ActiveCfg = Debug|Any CPU
		{DAD1F1F1-AC75-406D-82E6-3B40E79C52A0}.Debug|Any CPU.Build.0 = Debug|Any CPU
		{DAD1F1F1-AC75-406D-82E6-3B40E79C52A0}.Release|Any CPU.ActiveCfg = Release|Any CPU
		{DAD1F1F1-AC75-406D-82E6-3B40E79C52A0}.Release|Any CPU.Build.0 = Release|Any CPU
		{B1979651-D4F4-4DBC-966E-098E31117010}.Debug|Any CPU.ActiveCfg = Debug|Any CPU
		{B1979651-D4F4-4DBC-966E-098E31117010}.Debug|Any CPU.Build.0 = Debug|Any CPU
		{B1979651-D4F4-4DBC-966E-098E31117010}.Release|Any CPU.ActiveCfg = Release|Any CPU
		{B1979651-D4F4-4DBC-966E-098E31117010}.Release|Any CPU.Build.0 = Release|Any CPU
		{A625FD45-5E23-4180-8F12-321AD78BECC7}.Debug|Any CPU.ActiveCfg = Debug|Any CPU
		{A625FD45-5E23-4180-8F12-321AD78BECC7}.Debug|Any CPU.Build.0 = Debug|Any CPU
		{A625FD45-5E23-4180-8F12-321AD78BECC7}.Release|Any CPU.ActiveCfg = Release|Any CPU
		{A625FD45-5E23-4180-8F12-321AD78BECC7}.Release|Any CPU.Build.0 = Release|Any CPU
		{0774F58E-DA8A-4393-9B2F-DD53617E0AE3}.Debug|Any CPU.ActiveCfg = Debug|Any CPU
		{0774F58E-DA8A-4393-9B2F-DD53617E0AE3}.Debug|Any CPU.Build.0 = Debug|Any CPU
		{0774F58E-DA8A-4393-9B2F-DD53617E0AE3}.Release|Any CPU.ActiveCfg = Release|Any CPU
		{0774F58E-DA8A-4393-9B2F-DD53617E0AE3}.Release|Any CPU.Build.0 = Release|Any CPU
		{E8E53935-EE11-4CD3-BA64-22980A823F43}.Debug|Any CPU.ActiveCfg = Debug|Any CPU
		{E8E53935-EE11-4CD3-BA64-22980A823F43}.Debug|Any CPU.Build.0 = Debug|Any CPU
		{E8E53935-EE11-4CD3-BA64-22980A823F43}.Release|Any CPU.ActiveCfg = Release|Any CPU
		{E8E53935-EE11-4CD3-BA64-22980A823F43}.Release|Any CPU.Build.0 = Release|Any CPU
		{F84EDE13-C2A8-4D25-92A2-6E5AFDFF8B6A}.Debug|Any CPU.ActiveCfg = Debug|Any CPU
		{F84EDE13-C2A8-4D25-92A2-6E5AFDFF8B6A}.Debug|Any CPU.Build.0 = Debug|Any CPU
		{F84EDE13-C2A8-4D25-92A2-6E5AFDFF8B6A}.Release|Any CPU.ActiveCfg = Release|Any CPU
		{F84EDE13-C2A8-4D25-92A2-6E5AFDFF8B6A}.Release|Any CPU.Build.0 = Release|Any CPU
		{8E8858C6-F3A7-4443-BA23-BF530B2E7ED3}.Debug|Any CPU.ActiveCfg = Debug|Any CPU
		{8E8858C6-F3A7-4443-BA23-BF530B2E7ED3}.Debug|Any CPU.Build.0 = Debug|Any CPU
		{8E8858C6-F3A7-4443-BA23-BF530B2E7ED3}.Release|Any CPU.ActiveCfg = Release|Any CPU
		{8E8858C6-F3A7-4443-BA23-BF530B2E7ED3}.Release|Any CPU.Build.0 = Release|Any CPU
		{42A4C54D-55BF-46D5-8FC7-B6F67835DEA9}.Debug|Any CPU.ActiveCfg = Debug|Any CPU
		{42A4C54D-55BF-46D5-8FC7-B6F67835DEA9}.Debug|Any CPU.Build.0 = Debug|Any CPU
		{42A4C54D-55BF-46D5-8FC7-B6F67835DEA9}.Release|Any CPU.ActiveCfg = Release|Any CPU
		{42A4C54D-55BF-46D5-8FC7-B6F67835DEA9}.Release|Any CPU.Build.0 = Release|Any CPU
		{E35B7CFF-C118-4F23-89B2-95BA6AA59034}.Debug|Any CPU.ActiveCfg = Debug|Any CPU
		{E35B7CFF-C118-4F23-89B2-95BA6AA59034}.Debug|Any CPU.Build.0 = Debug|Any CPU
		{E35B7CFF-C118-4F23-89B2-95BA6AA59034}.Release|Any CPU.ActiveCfg = Release|Any CPU
		{E35B7CFF-C118-4F23-89B2-95BA6AA59034}.Release|Any CPU.Build.0 = Release|Any CPU
	EndGlobalSection
EndGlobal
