
Microsoft Visual Studio Solution File, Format Version 12.00
Project("{2150E333-8FDC-42A3-9474-1A3956D46DE8}") = "Services", "Services", "{B885F25F-C2DF-4E98-8DEA-4C065BE9D6DC}"
EndProject
Project("{2150E333-8FDC-42A3-9474-1A3956D46DE8}") = "Catalog", "Catalog", "{06E6D094-A6B1-43FB-9487-D074D78D5DD6}"
EndProject
Project("{FAE04EC0-301F-11D3-BF4B-00C04F79EFBC}") = "Services.Catalog", "Services\Catalog\Services.Catalog\Services.Catalog.csproj", "{FBC823E4-71EC-4C7D-A40C-2D54FB29441C}"
EndProject
Project("{2150E333-8FDC-42A3-9474-1A3956D46DE8}") = "Shared", "Shared", "{A209F84F-F6AB-45A9-A8A0-A522C6FA7CEC}"
EndProject
Project("{FAE04EC0-301F-11D3-BF4B-00C04F79EFBC}") = "Microservices.Shared", "Shared\Microservices.Shared\Microservices.Shared.csproj", "{A49880E9-CB2C-4D3A-BCE4-331D63BE116E}"
EndProject
Project("{2150E333-8FDC-42A3-9474-1A3956D46DE8}") = "PhotoStock", "PhotoStock", "{9EF3508B-33F8-435A-A215-30ABB791C30E}"
EndProject
Project("{FAE04EC0-301F-11D3-BF4B-00C04F79EFBC}") = "Services.PhotoStock", "Services\PhotoStock\Services.PhotoStock\Services.PhotoStock.csproj", "{37A0A2AF-4D5B-40AA-8BF5-1C3144599C73}"
EndProject
Project("{2150E333-8FDC-42A3-9474-1A3956D46DE8}") = "Basket", "Basket", "{BF809D1C-ED72-4761-AAD6-7A4685DA0C6E}"
EndProject
Project("{FAE04EC0-301F-11D3-BF4B-00C04F79EFBC}") = "Services.Basket", "Services\Basket\Services.Basket\Services.Basket.csproj", "{DAD1F1F1-AC75-406D-82E6-3B40E79C52A0}"
EndProject
Project("{2150E333-8FDC-42A3-9474-1A3956D46DE8}") = "Discount", "Discount", "{5315D5C1-A98E-41DE-8E30-C0C8D64D9946}"
EndProject
Project("{FAE04EC0-301F-11D3-BF4B-00C04F79EFBC}") = "Services.Discount", "Services\Discount\Services.Discount\Services.Discount.csproj", "{B1979651-D4F4-4DBC-966E-098E31117010}"
EndProject
Global
	GlobalSection(SolutionConfigurationPlatforms) = preSolution
		Debug|Any CPU = Debug|Any CPU
		Release|Any CPU = Release|Any CPU
	EndGlobalSection
	GlobalSection(NestedProjects) = preSolution
		{06E6D094-A6B1-43FB-9487-D074D78D5DD6} = {B885F25F-C2DF-4E98-8DEA-4C065BE9D6DC}
		{FBC823E4-71EC-4C7D-A40C-2D54FB29441C} = {06E6D094-A6B1-43FB-9487-D074D78D5DD6}
		{A49880E9-CB2C-4D3A-BCE4-331D63BE116E} = {A209F84F-F6AB-45A9-A8A0-A522C6FA7CEC}
		{9EF3508B-33F8-435A-A215-30ABB791C30E} = {B885F25F-C2DF-4E98-8DEA-4C065BE9D6DC}
		{37A0A2AF-4D5B-40AA-8BF5-1C3144599C73} = {9EF3508B-33F8-435A-A215-30ABB791C30E}
		{BF809D1C-ED72-4761-AAD6-7A4685DA0C6E} = {B885F25F-C2DF-4E98-8DEA-4C065BE9D6DC}
		{DAD1F1F1-AC75-406D-82E6-3B40E79C52A0} = {BF809D1C-ED72-4761-AAD6-7A4685DA0C6E}
		{5315D5C1-A98E-41DE-8E30-C0C8D64D9946} = {B885F25F-C2DF-4E98-8DEA-4C065BE9D6DC}
		{B1979651-D4F4-4DBC-966E-098E31117010} = {5315D5C1-A98E-41DE-8E30-C0C8D64D9946}
	EndGlobalSection
	GlobalSection(ProjectConfigurationPlatforms) = postSolution
		{FBC823E4-71EC-4C7D-A40C-2D54FB29441C}.Debug|Any CPU.ActiveCfg = Debug|Any CPU
		{FBC823E4-71EC-4C7D-A40C-2D54FB29441C}.Debug|Any CPU.Build.0 = Debug|Any CPU
		{FBC823E4-71EC-4C7D-A40C-2D54FB29441C}.Release|Any CPU.ActiveCfg = Release|Any CPU
		{FBC823E4-71EC-4C7D-A40C-2D54FB29441C}.Release|Any CPU.Build.0 = Release|Any CPU
		{A49880E9-CB2C-4D3A-BCE4-331D63BE116E}.Debug|Any CPU.ActiveCfg = Debug|Any CPU
		{A49880E9-CB2C-4D3A-BCE4-331D63BE116E}.Debug|Any CPU.Build.0 = Debug|Any CPU
		{A49880E9-CB2C-4D3A-BCE4-331D63BE116E}.Release|Any CPU.ActiveCfg = Release|Any CPU
		{A49880E9-CB2C-4D3A-BCE4-331D63BE116E}.Release|Any CPU.Build.0 = Release|Any CPU
		{37A0A2AF-4D5B-40AA-8BF5-1C3144599C73}.Debug|Any CPU.ActiveCfg = Debug|Any CPU
		{37A0A2AF-4D5B-40AA-8BF5-1C3144599C73}.Debug|Any CPU.Build.0 = Debug|Any CPU
		{37A0A2AF-4D5B-40AA-8BF5-1C3144599C73}.Release|Any CPU.ActiveCfg = Release|Any CPU
		{37A0A2AF-4D5B-40AA-8BF5-1C3144599C73}.Release|Any CPU.Build.0 = Release|Any CPU
		{DAD1F1F1-AC75-406D-82E6-3B40E79C52A0}.Debug|Any CPU.ActiveCfg = Debug|Any CPU
		{DAD1F1F1-AC75-406D-82E6-3B40E79C52A0}.Debug|Any CPU.Build.0 = Debug|Any CPU
		{DAD1F1F1-AC75-406D-82E6-3B40E79C52A0}.Release|Any CPU.ActiveCfg = Release|Any CPU
		{DAD1F1F1-AC75-406D-82E6-3B40E79C52A0}.Release|Any CPU.Build.0 = Release|Any CPU
		{B1979651-D4F4-4DBC-966E-098E31117010}.Debug|Any CPU.ActiveCfg = Debug|Any CPU
		{B1979651-D4F4-4DBC-966E-098E31117010}.Debug|Any CPU.Build.0 = Debug|Any CPU
		{B1979651-D4F4-4DBC-966E-098E31117010}.Release|Any CPU.ActiveCfg = Release|Any CPU
		{B1979651-D4F4-4DBC-966E-098E31117010}.Release|Any CPU.Build.0 = Release|Any CPU
	EndGlobalSection
EndGlobal
